
Microsoft Visual Studio Solution File, Format Version 12.00
# Visual Studio Version 17
VisualStudioVersion = 17.0.32112.339
MinimumVisualStudioVersion = 10.0.40219.1
Project("{FAE04EC0-301F-11D3-BF4B-00C04F79EFBC}") = "AuthenticationAuthorization", "AuthenticationAuthorization.csproj", "{5591A036-1F51-450D-A32B-59314CA5BFBA}"
EndProject
Global
	GlobalSection(SolutionConfigurationPlatforms) = preSolution
		Debug|Any CPU = Debug|Any CPU
		Release|Any CPU = Release|Any CPU
	EndGlobalSection
	GlobalSection(ProjectConfigurationPlatforms) = postSolution
		{5591A036-1F51-450D-A32B-59314CA5BFBA}.Debug|Any CPU.ActiveCfg = Debug|Any CPU
		{5591A036-1F51-450D-A32B-59314CA5BFBA}.Debug|Any CPU.Build.0 = Debug|Any CPU
		{5591A036-1F51-450D-A32B-59314CA5BFBA}.Release|Any CPU.ActiveCfg = Release|Any CPU
		{5591A036-1F51-450D-A32B-59314CA5BFBA}.Release|Any CPU.Build.0 = Release|Any CPU
	EndGlobalSection
	GlobalSection(SolutionProperties) = preSolution
		HideSolutionNode = FALSE
	EndGlobalSection
	GlobalSection(ExtensibilityGlobals) = postSolution
		SolutionGuid = {21A488DF-0BE8-4282-9A84-07F8E172A505}
	EndGlobalSection
EndGlobal
